
Microsoft Visual Studio Solution File, Format Version 12.00
# Visual Studio Version 17
VisualStudioVersion = 17.4.33213.308
MinimumVisualStudioVersion = 10.0.40219.1
Project("{2150E333-8FDC-42A3-9474-1A3956D46DE8}") = "Services", "Services", "{A9B663DE-653D-409B-BDBF-113201F35205}"
EndProject
Project("{2150E333-8FDC-42A3-9474-1A3956D46DE8}") = "BuildingBlocks", "BuildingBlocks", "{07CEFC7E-BD68-477B-96D5-7A9AD05D0D6D}"
EndProject
Project("{2150E333-8FDC-42A3-9474-1A3956D46DE8}") = "ApiGateways", "ApiGateways", "{CF3ADBD0-057D-40D0-A639-4F800B2CD356}"
EndProject
Project("{9A19103F-16F7-4668-BE54-9A1E7A4F7556}") = "Kira.Domain.Shared", "src\BuildingBlocks\Kira.Domain.Shared\Kira.Domain.Shared.csproj", "{29750823-CBF6-497B-82CA-AECE6490C311}"
EndProject
Project("{2150E333-8FDC-42A3-9474-1A3956D46DE8}") = "IdentityService", "IdentityService", "{F84799BF-188B-4974-B378-A529E014DDB0}"
EndProject
Project("{9A19103F-16F7-4668-BE54-9A1E7A4F7556}") = "Kira.IdentityService.API", "src\Services\IdentityService\Kira.IdentityService.API\Kira.IdentityService.API.csproj", "{B506E5A2-A398-4F63-8830-74E118C5F112}"
EndProject
Project("{9A19103F-16F7-4668-BE54-9A1E7A4F7556}") = "Kira.Utils.Shared", "src\BuildingBlocks\Kira.Utils.Shared\Kira.Utils.Shared.csproj", "{CA1FE34B-C312-4731-97A6-4690645392AD}"
EndProject
Project("{9A19103F-16F7-4668-BE54-9A1E7A4F7556}") = "Kira.Security.Shared", "src\BuildingBlocks\Kira.Security.Shared\Kira.Security.Shared.csproj", "{0BA6074F-99E4-410B-9C54-EBCC164E4398}"
EndProject
Project("{E53339B2-1760-4266-BCC7-CA923CBCF16C}") = "docker-compose", "docker-compose.dcproj", "{FB122A2F-CF67-4C3F-8514-36CB0F2C7F92}"
EndProject
Project("{2150E333-8FDC-42A3-9474-1A3956D46DE8}") = "FlightService", "FlightService", "{9071434D-CA81-4FDA-BF6F-A1B718BA2299}"
EndProject
Project("{2150E333-8FDC-42A3-9474-1A3956D46DE8}") = "PassengerService", "PassengerService", "{F5A4CCC5-0AA7-4FC1-B6ED-035B518A9B66}"
EndProject
Project("{2150E333-8FDC-42A3-9474-1A3956D46DE8}") = "BookingService", "BookingService", "{69230DC6-FB65-4334-8411-24D43DA2B854}"
EndProject
Project("{9A19103F-16F7-4668-BE54-9A1E7A4F7556}") = "Kira.Flight.Domain", "src\Services\FlightService\Kira.Flight.Domain\Kira.Flight.Domain.csproj", "{EEF4D6F9-661A-48B2-A881-55B3C162C05A}"
EndProject
Project("{9A19103F-16F7-4668-BE54-9A1E7A4F7556}") = "Kira.Flight.Infrastructure.Interfaces", "src\Services\FlightService\Kira.Flight.Infrastructure.Interfaces\Kira.Flight.Infrastructure.Interfaces.csproj", "{CA43B496-8176-4029-978B-6508DFA4664B}"
EndProject
Project("{9A19103F-16F7-4668-BE54-9A1E7A4F7556}") = "Kira.Flight.API", "src\Services\FlightService\Kira.Flight.API\Kira.Flight.API.csproj", "{76FF9880-9CCA-48FA-9523-805052AEF272}"
EndProject
Project("{9A19103F-16F7-4668-BE54-9A1E7A4F7556}") = "Kira.Flight.Application", "src\Services\FlightService\Kira.Flight.Application\Kira.Flight.Application.csproj", "{487EBBC0-43F7-4C20-BEF7-25869A7DC2A8}"
EndProject
Project("{9A19103F-16F7-4668-BE54-9A1E7A4F7556}") = "Kira.Flight.Infrastructure", "src\Services\FlightService\Kira.Flight.Infrastructure\Kira.Flight.Infrastructure.csproj", "{2D2D66CD-6061-4936-9D7C-C673C7741324}"
EndProject
Project("{9A19103F-16F7-4668-BE54-9A1E7A4F7556}") = "Kira.API.Shared", "src\BuildingBlocks\Kira.API.Shared\Kira.API.Shared.csproj", "{A0603C74-0F23-44A4-A6E7-89103C9354FA}"
EndProject
Project("{9A19103F-16F7-4668-BE54-9A1E7A4F7556}") = "Kira.Flight.Extensions", "src\Services\FlightService\Kira.Flight.Extensions\Kira.Flight.Extensions.csproj", "{794B257F-C5D5-44BF-B8F1-84764F27340E}"
	ProjectSection(ProjectDependencies) = postProject
		{487EBBC0-43F7-4C20-BEF7-25869A7DC2A8} = {487EBBC0-43F7-4C20-BEF7-25869A7DC2A8}
	EndProjectSection
EndProject
Project("{9A19103F-16F7-4668-BE54-9A1E7A4F7556}") = "Kira.ApiGateway.Ocelot", "src\ApiGateways\Kira.ApiGateway.Ocelot\Kira.ApiGateway.Ocelot.csproj", "{54FB9108-DD47-4ED7-B765-621B202AE254}"
EndProject
Project("{2150E333-8FDC-42A3-9474-1A3956D46DE8}") = "Light", "Light", "{2A058113-5D7E-4AA0-847D-C311C586D5E9}"
EndProject
Project("{9A19103F-16F7-4668-BE54-9A1E7A4F7556}") = "Light.Core.Extensions", "src\BuildingBlocks\Light-Extensions\Light.Core.Extensions\Light.Core.Extensions.csproj", "{7959F957-8D88-4F84-B80C-66D5F5919D28}"
EndProject
Project("{9A19103F-16F7-4668-BE54-9A1E7A4F7556}") = "Light.Infrastructure.EfCore", "src\BuildingBlocks\Light-Extensions\Light.Infrastructure.EfCore.SqlServer\Light.Infrastructure.EfCore.csproj", "{91FEEF42-7666-4DF4-915F-A312E0EC2C98}"
EndProject
Project("{9A19103F-16F7-4668-BE54-9A1E7A4F7556}") = "Light.Infrastructure.Extensions", "src\BuildingBlocks\Light-Extensions\Light.Infrastructure.Extensions\Light.Infrastructure.Extensions.csproj", "{50911C6E-9A09-4A46-86BE-09C1284BCED2}"
EndProject
Project("{9A19103F-16F7-4668-BE54-9A1E7A4F7556}") = "Light.Infrastructure.MongoDb", "src\BuildingBlocks\Light-Extensions\Light.Infrastructure.MongoDb\Light.Infrastructure.MongoDb.csproj", "{4C3BF93E-D7E4-4F23-8226-B56ED6C58AF1}"
EndProject
Project("{FAE04EC0-301F-11D3-BF4B-00C04F79EFBC}") = "Kira.Application.Shared", "src\BuildingBlocks\Kira.Application.Shared\Kira.Application.Shared.csproj", "{FE57D749-25DA-4D98-98C9-53E6931D0006}"
EndProject
Global
	GlobalSection(SolutionConfigurationPlatforms) = preSolution
		Debug|Any CPU = Debug|Any CPU
		Release|Any CPU = Release|Any CPU
	EndGlobalSection
	GlobalSection(ProjectConfigurationPlatforms) = postSolution
		{29750823-CBF6-497B-82CA-AECE6490C311}.Debug|Any CPU.ActiveCfg = Debug|Any CPU
		{29750823-CBF6-497B-82CA-AECE6490C311}.Debug|Any CPU.Build.0 = Debug|Any CPU
		{29750823-CBF6-497B-82CA-AECE6490C311}.Release|Any CPU.ActiveCfg = Release|Any CPU
		{29750823-CBF6-497B-82CA-AECE6490C311}.Release|Any CPU.Build.0 = Release|Any CPU
		{B506E5A2-A398-4F63-8830-74E118C5F112}.Debug|Any CPU.ActiveCfg = Debug|Any CPU
		{B506E5A2-A398-4F63-8830-74E118C5F112}.Debug|Any CPU.Build.0 = Debug|Any CPU
		{B506E5A2-A398-4F63-8830-74E118C5F112}.Release|Any CPU.ActiveCfg = Release|Any CPU
		{B506E5A2-A398-4F63-8830-74E118C5F112}.Release|Any CPU.Build.0 = Release|Any CPU
		{CA1FE34B-C312-4731-97A6-4690645392AD}.Debug|Any CPU.ActiveCfg = Debug|Any CPU
		{CA1FE34B-C312-4731-97A6-4690645392AD}.Debug|Any CPU.Build.0 = Debug|Any CPU
		{CA1FE34B-C312-4731-97A6-4690645392AD}.Release|Any CPU.ActiveCfg = Release|Any CPU
		{CA1FE34B-C312-4731-97A6-4690645392AD}.Release|Any CPU.Build.0 = Release|Any CPU
		{0BA6074F-99E4-410B-9C54-EBCC164E4398}.Debug|Any CPU.ActiveCfg = Debug|Any CPU
		{0BA6074F-99E4-410B-9C54-EBCC164E4398}.Debug|Any CPU.Build.0 = Debug|Any CPU
		{0BA6074F-99E4-410B-9C54-EBCC164E4398}.Release|Any CPU.ActiveCfg = Release|Any CPU
		{0BA6074F-99E4-410B-9C54-EBCC164E4398}.Release|Any CPU.Build.0 = Release|Any CPU
		{FB122A2F-CF67-4C3F-8514-36CB0F2C7F92}.Debug|Any CPU.ActiveCfg = Debug|Any CPU
		{FB122A2F-CF67-4C3F-8514-36CB0F2C7F92}.Debug|Any CPU.Build.0 = Debug|Any CPU
		{FB122A2F-CF67-4C3F-8514-36CB0F2C7F92}.Release|Any CPU.ActiveCfg = Release|Any CPU
		{FB122A2F-CF67-4C3F-8514-36CB0F2C7F92}.Release|Any CPU.Build.0 = Release|Any CPU
		{EEF4D6F9-661A-48B2-A881-55B3C162C05A}.Debug|Any CPU.ActiveCfg = Debug|Any CPU
		{EEF4D6F9-661A-48B2-A881-55B3C162C05A}.Debug|Any CPU.Build.0 = Debug|Any CPU
		{EEF4D6F9-661A-48B2-A881-55B3C162C05A}.Release|Any CPU.ActiveCfg = Release|Any CPU
		{EEF4D6F9-661A-48B2-A881-55B3C162C05A}.Release|Any CPU.Build.0 = Release|Any CPU
		{CA43B496-8176-4029-978B-6508DFA4664B}.Debug|Any CPU.ActiveCfg = Debug|Any CPU
		{CA43B496-8176-4029-978B-6508DFA4664B}.Debug|Any CPU.Build.0 = Debug|Any CPU
		{CA43B496-8176-4029-978B-6508DFA4664B}.Release|Any CPU.ActiveCfg = Release|Any CPU
		{CA43B496-8176-4029-978B-6508DFA4664B}.Release|Any CPU.Build.0 = Release|Any CPU
		{76FF9880-9CCA-48FA-9523-805052AEF272}.Debug|Any CPU.ActiveCfg = Debug|Any CPU
		{76FF9880-9CCA-48FA-9523-805052AEF272}.Debug|Any CPU.Build.0 = Debug|Any CPU
		{76FF9880-9CCA-48FA-9523-805052AEF272}.Release|Any CPU.ActiveCfg = Release|Any CPU
		{76FF9880-9CCA-48FA-9523-805052AEF272}.Release|Any CPU.Build.0 = Release|Any CPU
		{487EBBC0-43F7-4C20-BEF7-25869A7DC2A8}.Debug|Any CPU.ActiveCfg = Debug|Any CPU
		{487EBBC0-43F7-4C20-BEF7-25869A7DC2A8}.Debug|Any CPU.Build.0 = Debug|Any CPU
		{487EBBC0-43F7-4C20-BEF7-25869A7DC2A8}.Release|Any CPU.ActiveCfg = Release|Any CPU
		{487EBBC0-43F7-4C20-BEF7-25869A7DC2A8}.Release|Any CPU.Build.0 = Release|Any CPU
		{2D2D66CD-6061-4936-9D7C-C673C7741324}.Debug|Any CPU.ActiveCfg = Debug|Any CPU
		{2D2D66CD-6061-4936-9D7C-C673C7741324}.Debug|Any CPU.Build.0 = Debug|Any CPU
		{2D2D66CD-6061-4936-9D7C-C673C7741324}.Release|Any CPU.ActiveCfg = Release|Any CPU
		{2D2D66CD-6061-4936-9D7C-C673C7741324}.Release|Any CPU.Build.0 = Release|Any CPU
		{A0603C74-0F23-44A4-A6E7-89103C9354FA}.Debug|Any CPU.ActiveCfg = Debug|Any CPU
		{A0603C74-0F23-44A4-A6E7-89103C9354FA}.Debug|Any CPU.Build.0 = Debug|Any CPU
		{A0603C74-0F23-44A4-A6E7-89103C9354FA}.Release|Any CPU.ActiveCfg = Release|Any CPU
		{A0603C74-0F23-44A4-A6E7-89103C9354FA}.Release|Any CPU.Build.0 = Release|Any CPU
		{794B257F-C5D5-44BF-B8F1-84764F27340E}.Debug|Any CPU.ActiveCfg = Debug|Any CPU
		{794B257F-C5D5-44BF-B8F1-84764F27340E}.Debug|Any CPU.Build.0 = Debug|Any CPU
		{794B257F-C5D5-44BF-B8F1-84764F27340E}.Release|Any CPU.ActiveCfg = Release|Any CPU
		{794B257F-C5D5-44BF-B8F1-84764F27340E}.Release|Any CPU.Build.0 = Release|Any CPU
		{54FB9108-DD47-4ED7-B765-621B202AE254}.Debug|Any CPU.ActiveCfg = Debug|Any CPU
		{54FB9108-DD47-4ED7-B765-621B202AE254}.Debug|Any CPU.Build.0 = Debug|Any CPU
		{54FB9108-DD47-4ED7-B765-621B202AE254}.Release|Any CPU.ActiveCfg = Release|Any CPU
		{54FB9108-DD47-4ED7-B765-621B202AE254}.Release|Any CPU.Build.0 = Release|Any CPU
		{7959F957-8D88-4F84-B80C-66D5F5919D28}.Debug|Any CPU.ActiveCfg = Debug|Any CPU
		{7959F957-8D88-4F84-B80C-66D5F5919D28}.Debug|Any CPU.Build.0 = Debug|Any CPU
		{7959F957-8D88-4F84-B80C-66D5F5919D28}.Release|Any CPU.ActiveCfg = Release|Any CPU
		{7959F957-8D88-4F84-B80C-66D5F5919D28}.Release|Any CPU.Build.0 = Release|Any CPU
		{91FEEF42-7666-4DF4-915F-A312E0EC2C98}.Debug|Any CPU.ActiveCfg = Debug|Any CPU
		{91FEEF42-7666-4DF4-915F-A312E0EC2C98}.Debug|Any CPU.Build.0 = Debug|Any CPU
		{91FEEF42-7666-4DF4-915F-A312E0EC2C98}.Release|Any CPU.ActiveCfg = Release|Any CPU
		{91FEEF42-7666-4DF4-915F-A312E0EC2C98}.Release|Any CPU.Build.0 = Release|Any CPU
		{50911C6E-9A09-4A46-86BE-09C1284BCED2}.Debug|Any CPU.ActiveCfg = Debug|Any CPU
		{50911C6E-9A09-4A46-86BE-09C1284BCED2}.Debug|Any CPU.Build.0 = Debug|Any CPU
		{50911C6E-9A09-4A46-86BE-09C1284BCED2}.Release|Any CPU.ActiveCfg = Release|Any CPU
		{50911C6E-9A09-4A46-86BE-09C1284BCED2}.Release|Any CPU.Build.0 = Release|Any CPU
		{4C3BF93E-D7E4-4F23-8226-B56ED6C58AF1}.Debug|Any CPU.ActiveCfg = Debug|Any CPU
		{4C3BF93E-D7E4-4F23-8226-B56ED6C58AF1}.Debug|Any CPU.Build.0 = Debug|Any CPU
		{4C3BF93E-D7E4-4F23-8226-B56ED6C58AF1}.Release|Any CPU.ActiveCfg = Release|Any CPU
		{4C3BF93E-D7E4-4F23-8226-B56ED6C58AF1}.Release|Any CPU.Build.0 = Release|Any CPU
		{FE57D749-25DA-4D98-98C9-53E6931D0006}.Debug|Any CPU.ActiveCfg = Debug|Any CPU
		{FE57D749-25DA-4D98-98C9-53E6931D0006}.Debug|Any CPU.Build.0 = Debug|Any CPU
		{FE57D749-25DA-4D98-98C9-53E6931D0006}.Release|Any CPU.ActiveCfg = Release|Any CPU
		{FE57D749-25DA-4D98-98C9-53E6931D0006}.Release|Any CPU.Build.0 = Release|Any CPU
	EndGlobalSection
	GlobalSection(SolutionProperties) = preSolution
		HideSolutionNode = FALSE
	EndGlobalSection
	GlobalSection(NestedProjects) = preSolution
		{29750823-CBF6-497B-82CA-AECE6490C311} = {07CEFC7E-BD68-477B-96D5-7A9AD05D0D6D}
		{F84799BF-188B-4974-B378-A529E014DDB0} = {A9B663DE-653D-409B-BDBF-113201F35205}
		{B506E5A2-A398-4F63-8830-74E118C5F112} = {F84799BF-188B-4974-B378-A529E014DDB0}
		{CA1FE34B-C312-4731-97A6-4690645392AD} = {07CEFC7E-BD68-477B-96D5-7A9AD05D0D6D}
		{0BA6074F-99E4-410B-9C54-EBCC164E4398} = {07CEFC7E-BD68-477B-96D5-7A9AD05D0D6D}
		{9071434D-CA81-4FDA-BF6F-A1B718BA2299} = {A9B663DE-653D-409B-BDBF-113201F35205}
		{F5A4CCC5-0AA7-4FC1-B6ED-035B518A9B66} = {A9B663DE-653D-409B-BDBF-113201F35205}
		{69230DC6-FB65-4334-8411-24D43DA2B854} = {A9B663DE-653D-409B-BDBF-113201F35205}
		{EEF4D6F9-661A-48B2-A881-55B3C162C05A} = {9071434D-CA81-4FDA-BF6F-A1B718BA2299}
		{CA43B496-8176-4029-978B-6508DFA4664B} = {9071434D-CA81-4FDA-BF6F-A1B718BA2299}
		{76FF9880-9CCA-48FA-9523-805052AEF272} = {9071434D-CA81-4FDA-BF6F-A1B718BA2299}
		{487EBBC0-43F7-4C20-BEF7-25869A7DC2A8} = {9071434D-CA81-4FDA-BF6F-A1B718BA2299}
		{2D2D66CD-6061-4936-9D7C-C673C7741324} = {9071434D-CA81-4FDA-BF6F-A1B718BA2299}
		{A0603C74-0F23-44A4-A6E7-89103C9354FA} = {07CEFC7E-BD68-477B-96D5-7A9AD05D0D6D}
		{794B257F-C5D5-44BF-B8F1-84764F27340E} = {9071434D-CA81-4FDA-BF6F-A1B718BA2299}
		{54FB9108-DD47-4ED7-B765-621B202AE254} = {CF3ADBD0-057D-40D0-A639-4F800B2CD356}
		{2A058113-5D7E-4AA0-847D-C311C586D5E9} = {07CEFC7E-BD68-477B-96D5-7A9AD05D0D6D}
		{7959F957-8D88-4F84-B80C-66D5F5919D28} = {2A058113-5D7E-4AA0-847D-C311C586D5E9}
		{91FEEF42-7666-4DF4-915F-A312E0EC2C98} = {2A058113-5D7E-4AA0-847D-C311C586D5E9}
		{50911C6E-9A09-4A46-86BE-09C1284BCED2} = {2A058113-5D7E-4AA0-847D-C311C586D5E9}
		{4C3BF93E-D7E4-4F23-8226-B56ED6C58AF1} = {2A058113-5D7E-4AA0-847D-C311C586D5E9}
		{FE57D749-25DA-4D98-98C9-53E6931D0006} = {07CEFC7E-BD68-477B-96D5-7A9AD05D0D6D}
	EndGlobalSection
	GlobalSection(ExtensibilityGlobals) = postSolution
		SolutionGuid = {23C8D387-4978-4470-9726-84E174EB2B56}
	EndGlobalSection
EndGlobal
